// !$*UTF8*$!
{
	archiveVersion = 1;
	classes = {
	};
	objectVersion = 56;
	objects = {

/* Begin PBXBuildFile section */
		70F4514329B32E7B00049606 /* AppDelegate.swift in Sources */ = {isa = PBXBuildFile; fileRef = 70F4514229B32E7B00049606 /* AppDelegate.swift */; };
		70F4514529B32E7B00049606 /* SceneDelegate.swift in Sources */ = {isa = PBXBuildFile; fileRef = 70F4514429B32E7B00049606 /* SceneDelegate.swift */; };
		70F4514729B32E7B00049606 /* ViewController.swift in Sources */ = {isa = PBXBuildFile; fileRef = 70F4514629B32E7B00049606 /* ViewController.swift */; };
		70F4514A29B32E7B00049606 /* Main.storyboard in Resources */ = {isa = PBXBuildFile; fileRef = 70F4514829B32E7B00049606 /* Main.storyboard */; };
		70F4514C29B32E7F00049606 /* Assets.xcassets in Resources */ = {isa = PBXBuildFile; fileRef = 70F4514B29B32E7F00049606 /* Assets.xcassets */; };
		70F4514F29B32E7F00049606 /* LaunchScreen.storyboard in Resources */ = {isa = PBXBuildFile; fileRef = 70F4514D29B32E7F00049606 /* LaunchScreen.storyboard */; };
		70F4515729B3320A00049606 /* MyMeal.swift in Sources */ = {isa = PBXBuildFile; fileRef = 70F4515629B3320A00049606 /* MyMeal.swift */; };
		70F4515929B3326300049606 /* MealsCollectionViewCell.swift in Sources */ = {isa = PBXBuildFile; fileRef = 70F4515829B3326300049606 /* MealsCollectionViewCell.swift */; };
		70F4515B29B344EE00049606 /* MealDetailViewController.swift in Sources */ = {isa = PBXBuildFile; fileRef = 70F4515A29B344EE00049606 /* MealDetailViewController.swift */; };
		70F4515D29B3601A00049606 /* QRCodeViewController.swift in Sources */ = {isa = PBXBuildFile; fileRef = 70F4515C29B3601A00049606 /* QRCodeViewController.swift */; };
/* End PBXBuildFile section */

/* Begin PBXFileReference section */
		70F4513F29B32E7B00049606 /* MacDonald.app */ = {isa = PBXFileReference; explicitFileType = wrapper.application; includeInIndex = 0; path = MacDonald.app; sourceTree = BUILT_PRODUCTS_DIR; };
		70F4514229B32E7B00049606 /* AppDelegate.swift */ = {isa = PBXFileReference; lastKnownFileType = sourcecode.swift; path = AppDelegate.swift; sourceTree = "<group>"; };
		70F4514429B32E7B00049606 /* SceneDelegate.swift */ = {isa = PBXFileReference; lastKnownFileType = sourcecode.swift; path = SceneDelegate.swift; sourceTree = "<group>"; };
		70F4514629B32E7B00049606 /* ViewController.swift */ = {isa = PBXFileReference; lastKnownFileType = sourcecode.swift; path = ViewController.swift; sourceTree = "<group>"; };
		70F4514929B32E7B00049606 /* Base */ = {isa = PBXFileReference; lastKnownFileType = file.storyboard; name = Base; path = Base.lproj/Main.storyboard; sourceTree = "<group>"; };
		70F4514B29B32E7F00049606 /* Assets.xcassets */ = {isa = PBXFileReference; lastKnownFileType = folder.assetcatalog; path = Assets.xcassets; sourceTree = "<group>"; };
		70F4514E29B32E7F00049606 /* Base */ = {isa = PBXFileReference; lastKnownFileType = file.storyboard; name = Base; path = Base.lproj/LaunchScreen.storyboard; sourceTree = "<group>"; };
		70F4515029B32E7F00049606 /* Info.plist */ = {isa = PBXFileReference; lastKnownFileType = text.plist.xml; path = Info.plist; sourceTree = "<group>"; };
		70F4515629B3320A00049606 /* MyMeal.swift */ = {isa = PBXFileReference; lastKnownFileType = sourcecode.swift; path = MyMeal.swift; sourceTree = "<group>"; };
		70F4515829B3326300049606 /* MealsCollectionViewCell.swift */ = {isa = PBXFileReference; lastKnownFileType = sourcecode.swift; path = MealsCollectionViewCell.swift; sourceTree = "<group>"; };
		70F4515A29B344EE00049606 /* MealDetailViewController.swift */ = {isa = PBXFileReference; lastKnownFileType = sourcecode.swift; path = MealDetailViewController.swift; sourceTree = "<group>"; };
		70F4515C29B3601A00049606 /* QRCodeViewController.swift */ = {isa = PBXFileReference; lastKnownFileType = sourcecode.swift; path = QRCodeViewController.swift; sourceTree = "<group>"; };
/* End PBXFileReference section */

/* Begin PBXFrameworksBuildPhase section */
		70F4513C29B32E7B00049606 /* Frameworks */ = {
			isa = PBXFrameworksBuildPhase;
			buildActionMask = 2147483647;
			files = (
			);
			runOnlyForDeploymentPostprocessing = 0;
		};
/* End PBXFrameworksBuildPhase section */

/* Begin PBXGroup section */
		70F4513629B32E7B00049606 = {
			isa = PBXGroup;
			children = (
				70F4514129B32E7B00049606 /* MacDonald */,
				70F4514029B32E7B00049606 /* Products */,
			);
			sourceTree = "<group>";
		};
		70F4514029B32E7B00049606 /* Products */ = {
			isa = PBXGroup;
			children = (
				70F4513F29B32E7B00049606 /* MacDonald.app */,
			);
			name = Products;
			sourceTree = "<group>";
		};
		70F4514129B32E7B00049606 /* MacDonald */ = {
			isa = PBXGroup;
			children = (
				70F4514229B32E7B00049606 /* AppDelegate.swift */,
				70F4514429B32E7B00049606 /* SceneDelegate.swift */,
				70F4514629B32E7B00049606 /* ViewController.swift */,
				70F4514829B32E7B00049606 /* Main.storyboard */,
				70F4514B29B32E7F00049606 /* Assets.xcassets */,
				70F4514D29B32E7F00049606 /* LaunchScreen.storyboard */,
				70F4515029B32E7F00049606 /* Info.plist */,
				70F4515629B3320A00049606 /* MyMeal.swift */,
				70F4515829B3326300049606 /* MealsCollectionViewCell.swift */,
				70F4515A29B344EE00049606 /* MealDetailViewController.swift */,
				70F4515C29B3601A00049606 /* QRCodeViewController.swift */,
			);
			path = MacDonald;
			sourceTree = "<group>";
		};
/* End PBXGroup section */

/* Begin PBXNativeTarget section */
		70F4513E29B32E7B00049606 /* MacDonald */ = {
			isa = PBXNativeTarget;
			buildConfigurationList = 70F4515329B32E7F00049606 /* Build configuration list for PBXNativeTarget "MacDonald" */;
			buildPhases = (
				70F4513B29B32E7B00049606 /* Sources */,
				70F4513C29B32E7B00049606 /* Frameworks */,
				70F4513D29B32E7B00049606 /* Resources */,
			);
			buildRules = (
			);
			dependencies = (
			);
			name = MacDonald;
			productName = MacDonald;
			productReference = 70F4513F29B32E7B00049606 /* MacDonald.app */;
			productType = "com.apple.product-type.application";
		};
/* End PBXNativeTarget section */

/* Begin PBXProject section */
		70F4513729B32E7B00049606 /* Project object */ = {
			isa = PBXProject;
			attributes = {
				BuildIndependentTargetsInParallel = 1;
				LastSwiftUpdateCheck = 1410;
				LastUpgradeCheck = 1410;
				TargetAttributes = {
					70F4513E29B32E7B00049606 = {
						CreatedOnToolsVersion = 14.1;
					};
				};
			};
			buildConfigurationList = 70F4513A29B32E7B00049606 /* Build configuration list for PBXProject "MacDonald" */;
			compatibilityVersion = "Xcode 14.0";
			developmentRegion = en;
			hasScannedForEncodings = 0;
			knownRegions = (
				en,
				Base,
			);
			mainGroup = 70F4513629B32E7B00049606;
			productRefGroup = 70F4514029B32E7B00049606 /* Products */;
			projectDirPath = "";
			projectRoot = "";
			targets = (
				70F4513E29B32E7B00049606 /* MacDonald */,
			);
		};
/* End PBXProject section */

/* Begin PBXResourcesBuildPhase section */
		70F4513D29B32E7B00049606 /* Resources */ = {
			isa = PBXResourcesBuildPhase;
			buildActionMask = 2147483647;
			files = (
				70F4514F29B32E7F00049606 /* LaunchScreen.storyboard in Resources */,
				70F4514C29B32E7F00049606 /* Assets.xcassets in Resources */,
				70F4514A29B32E7B00049606 /* Main.storyboard in Resources */,
			);
			runOnlyForDeploymentPostprocessing = 0;
		};
/* End PBXResourcesBuildPhase section */

/* Begin PBXSourcesBuildPhase section */
		70F4513B29B32E7B00049606 /* Sources */ = {
			isa = PBXSourcesBuildPhase;
			buildActionMask = 2147483647;
			files = (
				70F4514729B32E7B00049606 /* ViewController.swift in Sources */,
				70F4514329B32E7B00049606 /* AppDelegate.swift in Sources */,
				70F4515B29B344EE00049606 /* MealDetailViewController.swift in Sources */,
				70F4515929B3326300049606 /* MealsCollectionViewCell.swift in Sources */,
				70F4514529B32E7B00049606 /* SceneDelegate.swift in Sources */,
				70F4515D29B3601A00049606 /* QRCodeViewController.swift in Sources */,
				70F4515729B3320A00049606 /* MyMeal.swift in Sources */,
			);
			runOnlyForDeploymentPostprocessing = 0;
		};
/* End PBXSourcesBuildPhase section */

/* Begin PBXVariantGroup section */
		70F4514829B32E7B00049606 /* Main.storyboard */ = {
			isa = PBXVariantGroup;
			children = (
				70F4514929B32E7B00049606 /* Base */,
			);
			name = Main.storyboard;
			sourceTree = "<group>";
		};
		70F4514D29B32E7F00049606 /* LaunchScreen.storyboard */ = {
			isa = PBXVariantGroup;
			children = (
				70F4514E29B32E7F00049606 /* Base */,
			);
			name = LaunchScreen.storyboard;
			sourceTree = "<group>";
		};
/* End PBXVariantGroup section */

/* Begin XCBuildConfiguration section */
		70F4515129B32E7F00049606 /* Debug */ = {
			isa = XCBuildConfiguration;
			buildSettings = {
				ALWAYS_SEARCH_USER_PATHS = NO;
				CLANG_ANALYZER_NONNULL = YES;
				CLANG_ANALYZER_NUMBER_OBJECT_CONVERSION = YES_AGGRESSIVE;
				CLANG_CXX_LANGUAGE_STANDARD = "gnu++20";
				CLANG_ENABLE_MODULES = YES;
				CLANG_ENABLE_OBJC_ARC = YES;
				CLANG_ENABLE_OBJC_WEAK = YES;
				CLANG_WARN_BLOCK_CAPTURE_AUTORELEASING = YES;
				CLANG_WARN_BOOL_CONVERSION = YES;
				CLANG_WARN_COMMA = YES;
				CLANG_WARN_CONSTANT_CONVERSION = YES;
				CLANG_WARN_DEPRECATED_OBJC_IMPLEMENTATIONS = YES;
				CLANG_WARN_DIRECT_OBJC_ISA_USAGE = YES_ERROR;
				CLANG_WARN_DOCUMENTATION_COMMENTS = YES;
				CLANG_WARN_EMPTY_BODY = YES;
				CLANG_WARN_ENUM_CONVERSION = YES;
				CLANG_WARN_INFINITE_RECURSION = YES;
				CLANG_WARN_INT_CONVERSION = YES;
				CLANG_WARN_NON_LITERAL_NULL_CONVERSION = YES;
				CLANG_WARN_OBJC_IMPLICIT_RETAIN_SELF = YES;
				CLANG_WARN_OBJC_LITERAL_CONVERSION = YES;
				CLANG_WARN_OBJC_ROOT_CLASS = YES_ERROR;
				CLANG_WARN_QUOTED_INCLUDE_IN_FRAMEWORK_HEADER = YES;
				CLANG_WARN_RANGE_LOOP_ANALYSIS = YES;
				CLANG_WARN_STRICT_PROTOTYPES = YES;
				CLANG_WARN_SUSPICIOUS_MOVE = YES;
				CLANG_WARN_UNGUARDED_AVAILABILITY = YES_AGGRESSIVE;
				CLANG_WARN_UNREACHABLE_CODE = YES;
				CLANG_WARN__DUPLICATE_METHOD_MATCH = YES;
				COPY_PHASE_STRIP = NO;
				DEBUG_INFORMATION_FORMAT = dwarf;
				ENABLE_STRICT_OBJC_MSGSEND = YES;
				ENABLE_TESTABILITY = YES;
				GCC_C_LANGUAGE_STANDARD = gnu11;
				GCC_DYNAMIC_NO_PIC = NO;
				GCC_NO_COMMON_BLOCKS = YES;
				GCC_OPTIMIZATION_LEVEL = 0;
				GCC_PREPROCESSOR_DEFINITIONS = (
					"DEBUG=1",
					"$(inherited)",
				);
				GCC_WARN_64_TO_32_BIT_CONVERSION = YES;
				GCC_WARN_ABOUT_RETURN_TYPE = YES_ERROR;
				GCC_WARN_UNDECLARED_SELECTOR = YES;
				GCC_WARN_UNINITIALIZED_AUTOS = YES_AGGRESSIVE;
				GCC_WARN_UNUSED_FUNCTION = YES;
				GCC_WARN_UNUSED_VARIABLE = YES;
				IPHONEOS_DEPLOYMENT_TARGET = 16.1;
				MTL_ENABLE_DEBUG_INFO = INCLUDE_SOURCE;
				MTL_FAST_MATH = YES;
				ONLY_ACTIVE_ARCH = YES;
				SDKROOT = iphoneos;
				SWIFT_ACTIVE_COMPILATION_CONDITIONS = DEBUG;
				SWIFT_OPTIMIZATION_LEVEL = "-Onone";
			};
			name = Debug;
		};
		70F4515229B32E7F00049606 /* Release */ = {
			isa = XCBuildConfiguration;
			buildSettings = {
				ALWAYS_SEARCH_USER_PATHS = NO;
				CLANG_ANALYZER_NONNULL = YES;
				CLANG_ANALYZER_NUMBER_OBJECT_CONVERSION = YES_AGGRESSIVE;
				CLANG_CXX_LANGUAGE_STANDARD = "gnu++20";
				CLANG_ENABLE_MODULES = YES;
				CLANG_ENABLE_OBJC_ARC = YES;
				CLANG_ENABLE_OBJC_WEAK = YES;
				CLANG_WARN_BLOCK_CAPTURE_AUTORELEASING = YES;
				CLANG_WARN_BOOL_CONVERSION = YES;
				CLANG_WARN_COMMA = YES;
				CLANG_WARN_CONSTANT_CONVERSION = YES;
				CLANG_WARN_DEPRECATED_OBJC_IMPLEMENTATIONS = YES;
				CLANG_WARN_DIRECT_OBJC_ISA_USAGE = YES_ERROR;
				CLANG_WARN_DOCUMENTATION_COMMENTS = YES;
				CLANG_WARN_EMPTY_BODY = YES;
				CLANG_WARN_ENUM_CONVERSION = YES;
				CLANG_WARN_INFINITE_RECURSION = YES;
				CLANG_WARN_INT_CONVERSION = YES;
				CLANG_WARN_NON_LITERAL_NULL_CONVERSION = YES;
				CLANG_WARN_OBJC_IMPLICIT_RETAIN_SELF = YES;
				CLANG_WARN_OBJC_LITERAL_CONVERSION = YES;
				CLANG_WARN_OBJC_ROOT_CLASS = YES_ERROR;
				CLANG_WARN_QUOTED_INCLUDE_IN_FRAMEWORK_HEADER = YES;
				CLANG_WARN_RANGE_LOOP_ANALYSIS = YES;
				CLANG_WARN_STRICT_PROTOTYPES = YES;
				CLANG_WARN_SUSPICIOUS_MOVE = YES;
				CLANG_WARN_UNGUARDED_AVAILABILITY = YES_AGGRESSIVE;
				CLANG_WARN_UNREACHABLE_CODE = YES;
				CLANG_WARN__DUPLICATE_METHOD_MATCH = YES;
				COPY_PHASE_STRIP = NO;
				DEBUG_INFORMATION_FORMAT = "dwarf-with-dsym";
				ENABLE_NS_ASSERTIONS = NO;
				ENABLE_STRICT_OBJC_MSGSEND = YES;
				GCC_C_LANGUAGE_STANDARD = gnu11;
				GCC_NO_COMMON_BLOCKS = YES;
				GCC_WARN_64_TO_32_BIT_CONVERSION = YES;
				GCC_WARN_ABOUT_RETURN_TYPE = YES_ERROR;
				GCC_WARN_UNDECLARED_SELECTOR = YES;
				GCC_WARN_UNINITIALIZED_AUTOS = YES_AGGRESSIVE;
				GCC_WARN_UNUSED_FUNCTION = YES;
				GCC_WARN_UNUSED_VARIABLE = YES;
				IPHONEOS_DEPLOYMENT_TARGET = 16.1;
				MTL_ENABLE_DEBUG_INFO = NO;
				MTL_FAST_MATH = YES;
				SDKROOT = iphoneos;
				SWIFT_COMPILATION_MODE = wholemodule;
				SWIFT_OPTIMIZATION_LEVEL = "-O";
				VALIDATE_PRODUCT = YES;
			};
			name = Release;
		};
		70F4515429B32E7F00049606 /* Debug */ = {
			isa = XCBuildConfiguration;
			buildSettings = {
				ASSETCATALOG_COMPILER_APPICON_NAME = AppIcon;
				ASSETCATALOG_COMPILER_GLOBAL_ACCENT_COLOR_NAME = AccentColor;
				CODE_SIGN_STYLE = Automatic;
				CURRENT_PROJECT_VERSION = 1;
				GENERATE_INFOPLIST_FILE = YES;
				INFOPLIST_FILE = MacDonald/Info.plist;
				INFOPLIST_KEY_UIApplicationSupportsIndirectInputEvents = YES;
				INFOPLIST_KEY_UILaunchStoryboardName = LaunchScreen;
				INFOPLIST_KEY_UIMainStoryboardFile = Main;
				INFOPLIST_KEY_UISupportedInterfaceOrientations_iPad = "UIInterfaceOrientationPortrait UIInterfaceOrientationPortraitUpsideDown UIInterfaceOrientationLandscapeLeft UIInterfaceOrientationLandscapeRight";
				INFOPLIST_KEY_UISupportedInterfaceOrientations_iPhone = "UIInterfaceOrientationPortrait UIInterfaceOrientationLandscapeLeft UIInterfaceOrientationLandscapeRight";
				IPHONEOS_DEPLOYMENT_TARGET = 16.1;
				LD_RUNPATH_SEARCH_PATHS = (
					"$(inherited)",
					"@executable_path/Frameworks",
				);
				MARKETING_VERSION = 1.0;
				PRODUCT_BUNDLE_IDENTIFIER = ifts09.MacDonald;
				PRODUCT_NAME = "$(TARGET_NAME)";
				SUPPORTED_PLATFORMS = "iphoneos iphonesimulator";
				SUPPORTS_MACCATALYST = NO;
				SUPPORTS_MAC_DESIGNED_FOR_IPHONE_IPAD = NO;
				SWIFT_EMIT_LOC_STRINGS = YES;
				SWIFT_VERSION = 5.0;
				TARGETED_DEVICE_FAMILY = "1,2";
			};
			name = Debug;
		};
		70F4515529B32E7F00049606 /* Release */ = {
			isa = XCBuildConfiguration;
			buildSettings = {
				ASSETCATALOG_COMPILER_APPICON_NAME = AppIcon;
				ASSETCATALOG_COMPILER_GLOBAL_ACCENT_COLOR_NAME = AccentColor;
				CODE_SIGN_STYLE = Automatic;
				CURRENT_PROJECT_VERSION = 1;
				GENERATE_INFOPLIST_FILE = YES;
				INFOPLIST_FILE = MacDonald/Info.plist;
				INFOPLIST_KEY_UIApplicationSupportsIndirectInputEvents = YES;
				INFOPLIST_KEY_UILaunchStoryboardName = LaunchScreen;
				INFOPLIST_KEY_UIMainStoryboardFile = Main;
				INFOPLIST_KEY_UISupportedInterfaceOrientations_iPad = "UIInterfaceOrientationPortrait UIInterfaceOrientationPortraitUpsideDown UIInterfaceOrientationLandscapeLeft UIInterfaceOrientationLandscapeRight";
				INFOPLIST_KEY_UISupportedInterfaceOrientations_iPhone = "UIInterfaceOrientationPortrait UIInterfaceOrientationLandscapeLeft UIInterfaceOrientationLandscapeRight";
				IPHONEOS_DEPLOYMENT_TARGET = 16.1;
				LD_RUNPATH_SEARCH_PATHS = (
					"$(inherited)",
					"@executable_path/Frameworks",
				);
				MARKETING_VERSION = 1.0;
				PRODUCT_BUNDLE_IDENTIFIER = ifts09.MacDonald;
				PRODUCT_NAME = "$(TARGET_NAME)";
				SUPPORTED_PLATFORMS = "iphoneos iphonesimulator";
				SUPPORTS_MACCATALYST = NO;
				SUPPORTS_MAC_DESIGNED_FOR_IPHONE_IPAD = NO;
				SWIFT_EMIT_LOC_STRINGS = YES;
				SWIFT_VERSION = 5.0;
				TARGETED_DEVICE_FAMILY = "1,2";
			};
			name = Release;
		};
/* End XCBuildConfiguration section */

/* Begin XCConfigurationList section */
		70F4513A29B32E7B00049606 /* Build configuration list for PBXProject "MacDonald" */ = {
			isa = XCConfigurationList;
			buildConfigurations = (
				70F4515129B32E7F00049606 /* Debug */,
				70F4515229B32E7F00049606 /* Release */,
			);
			defaultConfigurationIsVisible = 0;
			defaultConfigurationName = Release;
		};
		70F4515329B32E7F00049606 /* Build configuration list for PBXNativeTarget "MacDonald" */ = {
			isa = XCConfigurationList;
			buildConfigurations = (
				70F4515429B32E7F00049606 /* Debug */,
				70F4515529B32E7F00049606 /* Release */,
			);
			defaultConfigurationIsVisible = 0;
			defaultConfigurationName = Release;
		};
/* End XCConfigurationList section */
	};
	rootObject = 70F4513729B32E7B00049606 /* Project object */;
}
